
Microsoft Visual Studio Solution File, Format Version 12.00
# Visual Studio Version 17
VisualStudioVersion = 17.1.32421.90
MinimumVisualStudioVersion = 10.0.40219.1
Project("{9A19103F-16F7-4668-BE54-9A1E7A4F7556}") = "AutomobileLibrary", "AutomobileLibrary\AutomobileLibrary.csproj", "{A1BEF81B-3B8A-4397-A186-ED4A29B2BC5E}"
EndProject
Project("{FAE04EC0-301F-11D3-BF4B-00C04F79EFBC}") = "AutomobileWinApp", "AutomobileWinApp\AutomobileWinApp.csproj", "{F90EFFB5-191E-411C-9A37-1A60C3F369A4}"
EndProject
Global
	GlobalSection(SolutionConfigurationPlatforms) = preSolution
		Debug|Any CPU = Debug|Any CPU
		Release|Any CPU = Release|Any CPU
	EndGlobalSection
	GlobalSection(ProjectConfigurationPlatforms) = postSolution
		{A1BEF81B-3B8A-4397-A186-ED4A29B2BC5E}.Debug|Any CPU.ActiveCfg = Debug|Any CPU
		{A1BEF81B-3B8A-4397-A186-ED4A29B2BC5E}.Debug|Any CPU.Build.0 = Debug|Any CPU
		{A1BEF81B-3B8A-4397-A186-ED4A29B2BC5E}.Release|Any CPU.ActiveCfg = Release|Any CPU
		{A1BEF81B-3B8A-4397-A186-ED4A29B2BC5E}.Release|Any CPU.Build.0 = Release|Any CPU
		{F90EFFB5-191E-411C-9A37-1A60C3F369A4}.Debug|Any CPU.ActiveCfg = Debug|Any CPU
		{F90EFFB5-191E-411C-9A37-1A60C3F369A4}.Debug|Any CPU.Build.0 = Debug|Any CPU
		{F90EFFB5-191E-411C-9A37-1A60C3F369A4}.Release|Any CPU.ActiveCfg = Release|Any CPU
		{F90EFFB5-191E-411C-9A37-1A60C3F369A4}.Release|Any CPU.Build.0 = Release|Any CPU
	EndGlobalSection
	GlobalSection(SolutionProperties) = preSolution
		HideSolutionNode = FALSE
	EndGlobalSection
	GlobalSection(ExtensibilityGlobals) = postSolution
		SolutionGuid = {99CBCCBC-2657-4A86-8D0E-F4FF84A6FA05}
	EndGlobalSection
EndGlobal
